
Microsoft Visual Studio Solution File, Format Version 11.00
# Visual Studio 2010
# SharpDevelop 5.1
Project("{FAE04EC0-301F-11D3-BF4B-00C04F79EFBC}") = "Lab6", "Lab6\Lab6.csproj", "{FAC1F0A4-D79A-45DB-B9FD-7CED552EAC9E}"
EndProject
Global
	GlobalSection(SolutionConfigurationPlatforms) = preSolution
		Debug|Any CPU = Debug|Any CPU
		Release|Any CPU = Release|Any CPU
	EndGlobalSection
	GlobalSection(ProjectConfigurationPlatforms) = postSolution
		{FAC1F0A4-D79A-45DB-B9FD-7CED552EAC9E}.Debug|Any CPU.ActiveCfg = Debug|Any CPU
		{FAC1F0A4-D79A-45DB-B9FD-7CED552EAC9E}.Debug|Any CPU.Build.0 = Debug|Any CPU
		{FAC1F0A4-D79A-45DB-B9FD-7CED552EAC9E}.Release|Any CPU.ActiveCfg = Release|Any CPU
		{FAC1F0A4-D79A-45DB-B9FD-7CED552EAC9E}.Release|Any CPU.Build.0 = Release|Any CPU
	EndGlobalSection
EndGlobal
